
Microsoft Visual Studio Solution File, Format Version 12.00
# Visual Studio 15
VisualStudioVersion = 15.0.27130.2003
MinimumVisualStudioVersion = 10.0.40219.1
Project("{FAE04EC0-301F-11D3-BF4B-00C04F79EFBC}") = "LoginManagementAPI", "LoginManagementAPI\LoginManagementAPI.csproj", "{FEEFCBFB-97DB-419E-B943-99CF382D2622}"
EndProject
Project("{FAE04EC0-301F-11D3-BF4B-00C04F79EFBC}") = "LoginManagementAPI.Tests", "LoginManagementAPI.Tests\LoginManagementAPI.Tests.csproj", "{EE03AF57-C6D6-44CD-93FB-4B9073755C09}"
EndProject
Project("{FAE04EC0-301F-11D3-BF4B-00C04F79EFBC}") = "PersistenceData", "PersistenceData\PersistenceData.csproj", "{6CE3FBB3-D01D-434D-98D9-D023A233EF60}"
EndProject
Global
	GlobalSection(SolutionConfigurationPlatforms) = preSolution
		Debug|Any CPU = Debug|Any CPU
		Release|Any CPU = Release|Any CPU
	EndGlobalSection
	GlobalSection(ProjectConfigurationPlatforms) = postSolution
		{FEEFCBFB-97DB-419E-B943-99CF382D2622}.Debug|Any CPU.ActiveCfg = Debug|Any CPU
		{FEEFCBFB-97DB-419E-B943-99CF382D2622}.Debug|Any CPU.Build.0 = Debug|Any CPU
		{FEEFCBFB-97DB-419E-B943-99CF382D2622}.Release|Any CPU.ActiveCfg = Release|Any CPU
		{FEEFCBFB-97DB-419E-B943-99CF382D2622}.Release|Any CPU.Build.0 = Release|Any CPU
		{EE03AF57-C6D6-44CD-93FB-4B9073755C09}.Debug|Any CPU.ActiveCfg = Debug|Any CPU
		{EE03AF57-C6D6-44CD-93FB-4B9073755C09}.Debug|Any CPU.Build.0 = Debug|Any CPU
		{EE03AF57-C6D6-44CD-93FB-4B9073755C09}.Release|Any CPU.ActiveCfg = Release|Any CPU
		{EE03AF57-C6D6-44CD-93FB-4B9073755C09}.Release|Any CPU.Build.0 = Release|Any CPU
		{6CE3FBB3-D01D-434D-98D9-D023A233EF60}.Debug|Any CPU.ActiveCfg = Debug|Any CPU
		{6CE3FBB3-D01D-434D-98D9-D023A233EF60}.Debug|Any CPU.Build.0 = Debug|Any CPU
		{6CE3FBB3-D01D-434D-98D9-D023A233EF60}.Release|Any CPU.ActiveCfg = Release|Any CPU
		{6CE3FBB3-D01D-434D-98D9-D023A233EF60}.Release|Any CPU.Build.0 = Release|Any CPU
	EndGlobalSection
	GlobalSection(SolutionProperties) = preSolution
		HideSolutionNode = FALSE
	EndGlobalSection
	GlobalSection(ExtensibilityGlobals) = postSolution
		SolutionGuid = {7F07F776-7D47-4DBA-99D7-AE5256C21EAC}
	EndGlobalSection
EndGlobal
